
Microsoft Visual Studio Solution File, Format Version 12.00
# Visual Studio 15
VisualStudioVersion = 15.0.28307.329
MinimumVisualStudioVersion = 10.0.40219.1
Project("{FAE04EC0-301F-11D3-BF4B-00C04F79EFBC}") = "MeusContatos", "MeusContatos\MeusContatos.csproj", "{FE708F0F-75F4-4274-BF98-878EF6B8CFF2}"
EndProject
Global
	GlobalSection(SolutionConfigurationPlatforms) = preSolution
		Debug|Any CPU = Debug|Any CPU
		Release|Any CPU = Release|Any CPU
	EndGlobalSection
	GlobalSection(ProjectConfigurationPlatforms) = postSolution
		{FE708F0F-75F4-4274-BF98-878EF6B8CFF2}.Debug|Any CPU.ActiveCfg = Debug|Any CPU
		{FE708F0F-75F4-4274-BF98-878EF6B8CFF2}.Debug|Any CPU.Build.0 = Debug|Any CPU
		{FE708F0F-75F4-4274-BF98-878EF6B8CFF2}.Release|Any CPU.ActiveCfg = Release|Any CPU
		{FE708F0F-75F4-4274-BF98-878EF6B8CFF2}.Release|Any CPU.Build.0 = Release|Any CPU
	EndGlobalSection
	GlobalSection(SolutionProperties) = preSolution
		HideSolutionNode = FALSE
	EndGlobalSection
	GlobalSection(ExtensibilityGlobals) = postSolution
		SolutionGuid = {3811708E-71DD-4CF5-A661-386C5CDFC960}
	EndGlobalSection
EndGlobal
